
Microsoft Visual Studio Solution File, Format Version 12.00
# Visual Studio 15
VisualStudioVersion = 15.0.27703.2026
MinimumVisualStudioVersion = 10.0.40219.1
Project("{FAE04EC0-301F-11D3-BF4B-00C04F79EFBC}") = "krumlingdk", "krumlingdk\krumlingdk.csproj", "{6EEFF0D6-87CB-4619-923A-6C45E27AB597}"
EndProject
Global
	GlobalSection(SolutionConfigurationPlatforms) = preSolution
		Debug|Any CPU = Debug|Any CPU
		Release|Any CPU = Release|Any CPU
	EndGlobalSection
	GlobalSection(ProjectConfigurationPlatforms) = postSolution
		{6EEFF0D6-87CB-4619-923A-6C45E27AB597}.Debug|Any CPU.ActiveCfg = Debug|Any CPU
		{6EEFF0D6-87CB-4619-923A-6C45E27AB597}.Debug|Any CPU.Build.0 = Debug|Any CPU
		{6EEFF0D6-87CB-4619-923A-6C45E27AB597}.Release|Any CPU.ActiveCfg = Release|Any CPU
		{6EEFF0D6-87CB-4619-923A-6C45E27AB597}.Release|Any CPU.Build.0 = Release|Any CPU
	EndGlobalSection
	GlobalSection(SolutionProperties) = preSolution
		HideSolutionNode = FALSE
	EndGlobalSection
	GlobalSection(ExtensibilityGlobals) = postSolution
		SolutionGuid = {34742FBB-78EE-470F-9DD8-4E7E8A18F3E0}
	EndGlobalSection
EndGlobal
